{
  "nodes": {
    "aquamarine": {
      "inputs": {
        "hyprutils": [
          "hyprland",
          "hyprutils"
        ],
        "hyprwayland-scanner": [
          "hyprland",
          "hyprwayland-scanner"
        ],
        "nixpkgs": [
          "hyprland",
          "nixpkgs"
        ],
        "systems": [
          "hyprland",
          "systems"
        ]
      },
      "locked": {
        "lastModified": 1750974272,
        "narHash": "sha256-VaeQzSzekMvP+/OhwNZP4kzs4paWk5+20N0MFLTn+cs=",
        "owner": "hyprwm",
        "repo": "aquamarine",
        "rev": "dd921421391e75793d0cc674dc15eca16b46a089",
        "type": "github"
      },
      "original": {
        "owner": "hyprwm",
        "repo": "aquamarine",
        "type": "github"
      }
    },
    "ashell": {
      "inputs": {
        "crane": "crane",
        "flake-utils": "flake-utils",
        "nixpkgs": "nixpkgs",
        "rust-overlay": "rust-overlay"
      },
      "locked": {
        "lastModified": 1751211150,
        "narHash": "sha256-S/jMzfS1jHdVOyqhSEJz2ZhaNkYI/fQYCDqOGURlHrs=",
        "owner": "MalpenZibo",
        "repo": "ashell",
        "rev": "aac1eb86ab2737b8cd67b04c1e91e48fead476b6",
        "type": "github"
      },
      "original": {
        "owner": "MalpenZibo",
        "repo": "ashell",
        "type": "github"
      }
    },
    "blank": {
      "locked": {
        "lastModified": 1625557891,
        "narHash": "sha256-O8/MWsPBGhhyPoPLHZAuoZiiHo9q6FLlEeIDEXuj6T4=",
        "owner": "divnix",
        "repo": "blank",
        "rev": "5a5d2684073d9f563072ed07c871d577a6c614a8",
        "type": "github"
      },
      "original": {
        "owner": "divnix",
        "repo": "blank",
        "type": "github"
      }
    },
    "crane": {
      "locked": {
        "lastModified": 1748047550,
        "narHash": "sha256-t0qLLqb4C1rdtiY8IFRH5KIapTY/n3Lqt57AmxEv9mk=",
        "owner": "ipetkov",
        "repo": "crane",
        "rev": "b718a78696060df6280196a6f992d04c87a16aef",
        "type": "github"
      },
      "original": {
        "owner": "ipetkov",
        "repo": "crane",
        "type": "github"
      }
    },
    "crane_2": {
      "inputs": {
        "flake-compat": "flake-compat_3",
        "flake-utils": "flake-utils_3",
        "nixpkgs": [
          "nixos-extra-modules",
          "nixt",
          "std",
          "paisano-mdbook-preprocessor",
          "nixpkgs"
        ],
        "rust-overlay": "rust-overlay_2"
      },
      "locked": {
        "lastModified": 1676162383,
        "narHash": "sha256-krUCKdz7ebHlFYm/A7IbKDnj2ZmMMm3yIEQcooqm7+E=",
        "owner": "ipetkov",
        "repo": "crane",
        "rev": "6fb400ec631b22ccdbc7090b38207f7fb5cfb5f2",
        "type": "github"
      },
      "original": {
        "owner": "ipetkov",
        "repo": "crane",
        "type": "github"
      }
    },
    "devshell": {
      "inputs": {
        "nixpkgs": [
          "nixos-extra-modules",
          "nixpkgs"
        ]
      },
      "locked": {
        "lastModified": 1735644329,
        "narHash": "sha256-tO3HrHriyLvipc4xr+Ewtdlo7wM1OjXNjlWRgmM7peY=",
        "owner": "numtide",
        "repo": "devshell",
        "rev": "f7795ede5b02664b57035b3b757876703e2c3eac",
        "type": "github"
      },
      "original": {
        "owner": "numtide",
        "repo": "devshell",
        "type": "github"
      }
    },
    "devshell_2": {
      "inputs": {
        "flake-utils": [
          "nixos-extra-modules",
          "nixt",
          "std",
          "flake-utils"
        ],
        "nixpkgs": [
          "nixos-extra-modules",
          "nixt",
          "std",
          "nixpkgs"
        ]
      },
      "locked": {
        "lastModified": 1682700442,
        "narHash": "sha256-qjaAAcCYgp1pBBG7mY9z95ODUBZMtUpf0Qp3Gt/Wha0=",
        "owner": "numtide",
        "repo": "devshell",
        "rev": "fb6673fe9fe4409e3f43ca86968261e970918a83",
        "type": "github"
      },
      "original": {
        "owner": "numtide",
        "repo": "devshell",
        "type": "github"
      }
    },
    "dmerge": {
      "inputs": {
        "haumea": "haumea",
        "namaka": "namaka",
        "nixlib": [
          "nixos-extra-modules",
          "nixt",
          "std",
          "nixpkgs"
        ],
        "yants": [
          "nixos-extra-modules",
          "nixt",
          "std",
          "yants"
        ]
      },
      "locked": {
        "lastModified": 1684178600,
        "narHash": "sha256-EtSQcCHRQUBBEj4vbYU0vgPUYiKP261ero5k1QfQ3Bc=",
        "owner": "divnix",
        "repo": "dmerge",
        "rev": "ac9932f26325afac5baa59cf6478432d17762a4e",
        "type": "github"
      },
      "original": {
        "owner": "divnix",
        "ref": "0.2.0",
        "repo": "dmerge",
        "type": "github"
      }
    },
    "earbuds-src": {
      "flake": false,
      "locked": {
        "lastModified": 1714931418,
        "narHash": "sha256-cAzJEpqO1zcmCRXQezvoMrb9sW3itoSR5i6HYNQAXEQ=",
        "owner": "JojiiOfficial",
        "repo": "LiveBudsCli",
        "rev": "1690eab9116dc9fb576372a7cd234cc28de0a112",
        "type": "github"
      },
      "original": {
        "owner": "JojiiOfficial",
        "repo": "LiveBudsCli",
        "rev": "1690eab9116dc9fb576372a7cd234cc28de0a112",
        "type": "github"
      }
    },
    "fenix": {
      "inputs": {
        "nixpkgs": "nixpkgs_4",
        "rust-analyzer-src": "rust-analyzer-src"
      },
      "locked": {
        "lastModified": 1677306201,
        "narHash": "sha256-VZ9x7qdTosFvVsrpgFHrtYfT6PU3yMIs7NRYn9ELapI=",
        "owner": "nix-community",
        "repo": "fenix",
        "rev": "0923f0c162f65ae40261ec940406049726cfeab4",
        "type": "github"
      },
      "original": {
        "owner": "nix-community",
        "repo": "fenix",
        "type": "github"
      }
    },
    "figma-agent-src": {
      "flake": false,
      "locked": {
        "lastModified": 1731738965,
        "narHash": "sha256-Cq+ivyrj6wt7DEUM730BG44sMkpOMt4qxb+J3itVar4=",
        "owner": "neetly",
        "repo": "figma-agent-linux",
        "rev": "6709a1b7ffcbfb227472d8f017bfbbda77ddca7d",
        "type": "github"
      },
      "original": {
        "owner": "neetly",
        "repo": "figma-agent-linux",
        "type": "github"
      }
    },
    "flake-compat": {
      "flake": false,
      "locked": {
        "lastModified": 1696426674,
        "narHash": "sha256-kvjfFW7WAETZlt09AgDn1MrtKzP7t90Vf7vypd3OL1U=",
        "owner": "edolstra",
        "repo": "flake-compat",
        "rev": "0f9255e01c2351cc7d116c072cb317785dd33b33",
        "type": "github"
      },
      "original": {
        "owner": "edolstra",
        "repo": "flake-compat",
        "type": "github"
      }
    },
    "flake-compat_2": {
      "flake": false,
      "locked": {
        "lastModified": 1673956053,
        "narHash": "sha256-4gtG9iQuiKITOjNQQeQIpoIB6b16fm+504Ch3sNKLd8=",
        "owner": "edolstra",
        "repo": "flake-compat",
        "rev": "35bb57c0c8d8b62bbfd284272c928ceb64ddbde9",
        "type": "github"
      },
      "original": {
        "owner": "edolstra",
        "repo": "flake-compat",
        "type": "github"
      }
    },
    "flake-compat_3": {
      "flake": false,
      "locked": {
        "lastModified": 1673956053,
        "narHash": "sha256-4gtG9iQuiKITOjNQQeQIpoIB6b16fm+504Ch3sNKLd8=",
        "owner": "edolstra",
        "repo": "flake-compat",
        "rev": "35bb57c0c8d8b62bbfd284272c928ceb64ddbde9",
        "type": "github"
      },
      "original": {
        "owner": "edolstra",
        "repo": "flake-compat",
        "type": "github"
      }
    },
    "flake-compat_4": {
      "flake": false,
      "locked": {
        "lastModified": 1696426674,
        "narHash": "sha256-kvjfFW7WAETZlt09AgDn1MrtKzP7t90Vf7vypd3OL1U=",
        "owner": "edolstra",
        "repo": "flake-compat",
        "rev": "0f9255e01c2351cc7d116c072cb317785dd33b33",
        "type": "github"
      },
      "original": {
        "owner": "edolstra",
        "repo": "flake-compat",
        "type": "github"
      }
    },
    "flake-parts": {
      "inputs": {
        "nixpkgs-lib": "nixpkgs-lib"
      },
      "locked": {
        "lastModified": 1738453229,
        "narHash": "sha256-7H9XgNiGLKN1G1CgRh0vUL4AheZSYzPm+zmZ7vxbJdo=",
        "owner": "hercules-ci",
        "repo": "flake-parts",
        "rev": "32ea77a06711b758da0ad9bd6a844c5740a87abd",
        "type": "github"
      },
      "original": {
        "owner": "hercules-ci",
        "repo": "flake-parts",
        "type": "github"
      }
    },
    "flake-parts_2": {
      "inputs": {
        "nixpkgs-lib": [
          "nixvim",
          "nixpkgs"
        ]
      },
      "locked": {
        "lastModified": 1749398372,
        "narHash": "sha256-tYBdgS56eXYaWVW3fsnPQ/nFlgWi/Z2Ymhyu21zVM98=",
        "owner": "hercules-ci",
        "repo": "flake-parts",
        "rev": "9305fe4e5c2a6fcf5ba6a3ff155720fbe4076569",
        "type": "github"
      },
      "original": {
        "owner": "hercules-ci",
        "repo": "flake-parts",
        "type": "github"
      }
    },
    "flake-utils": {
      "inputs": {
        "systems": "systems"
      },
      "locked": {
        "lastModified": 1731533236,
        "narHash": "sha256-l0KFg5HjrsfsO/JpG+r7fRrqm12kzFHyUHqHCVpMMbI=",
        "owner": "numtide",
        "repo": "flake-utils",
        "rev": "11707dc2f618dd54ca8739b309ec4fc024de578b",
        "type": "github"
      },
      "original": {
        "owner": "numtide",
        "repo": "flake-utils",
        "type": "github"
      }
    },
    "flake-utils_2": {
      "locked": {
        "lastModified": 1659877975,
        "narHash": "sha256-zllb8aq3YO3h8B/U0/J1WBgAL8EX5yWf5pMj3G0NAmc=",
        "owner": "numtide",
        "repo": "flake-utils",
        "rev": "c0e246b9b83f637f4681389ecabcb2681b4f3af0",
        "type": "github"
      },
      "original": {
        "owner": "numtide",
        "repo": "flake-utils",
        "type": "github"
      }
    },
    "flake-utils_3": {
      "locked": {
        "lastModified": 1667395993,
        "narHash": "sha256-nuEHfE/LcWyuSWnS8t12N1wc105Qtau+/OdUAjtQ0rA=",
        "owner": "numtide",
        "repo": "flake-utils",
        "rev": "5aed5285a952e0b949eb3ba02c12fa4fcfef535f",
        "type": "github"
      },
      "original": {
        "owner": "numtide",
        "repo": "flake-utils",
        "type": "github"
      }
    },
    "flake-utils_4": {
      "inputs": {
        "systems": "systems_3"
      },
      "locked": {
        "lastModified": 1731533236,
        "narHash": "sha256-l0KFg5HjrsfsO/JpG+r7fRrqm12kzFHyUHqHCVpMMbI=",
        "owner": "numtide",
        "repo": "flake-utils",
        "rev": "11707dc2f618dd54ca8739b309ec4fc024de578b",
        "type": "github"
      },
      "original": {
        "owner": "numtide",
        "repo": "flake-utils",
        "type": "github"
      }
    },
    "gitignore": {
      "inputs": {
        "nixpkgs": [
          "hyprland",
          "pre-commit-hooks",
          "nixpkgs"
        ]
      },
      "locked": {
        "lastModified": 1709087332,
        "narHash": "sha256-HG2cCnktfHsKV0s4XW83gU3F57gaTljL9KNSuG6bnQs=",
        "owner": "hercules-ci",
        "repo": "gitignore.nix",
        "rev": "637db329424fd7e46cf4185293b9cc8c88c95394",
        "type": "github"
      },
      "original": {
        "owner": "hercules-ci",
        "repo": "gitignore.nix",
        "type": "github"
      }
    },
    "gitignore_2": {
      "inputs": {
        "nixpkgs": [
          "nixos-extra-modules",
          "pre-commit-hooks",
          "nixpkgs"
        ]
      },
      "locked": {
        "lastModified": 1709087332,
        "narHash": "sha256-HG2cCnktfHsKV0s4XW83gU3F57gaTljL9KNSuG6bnQs=",
        "owner": "hercules-ci",
        "repo": "gitignore.nix",
        "rev": "637db329424fd7e46cf4185293b9cc8c88c95394",
        "type": "github"
      },
      "original": {
        "owner": "hercules-ci",
        "repo": "gitignore.nix",
        "type": "github"
      }
    },
    "haumea": {
      "inputs": {
        "nixpkgs": [
          "nixos-extra-modules",
          "nixt",
          "std",
          "dmerge",
          "nixlib"
        ]
      },
      "locked": {
        "lastModified": 1681176209,
        "narHash": "sha256-bJLDun6esIyWtwRVXcsgzGbh4UKu8wJDrPgykqPyzmg=",
        "owner": "nix-community",
        "repo": "haumea",
        "rev": "b915b66b27da3a595d77b139e945bb0a2fcac926",
        "type": "github"
      },
      "original": {
        "owner": "nix-community",
        "repo": "haumea",
        "type": "github"
      }
    },
    "home-manager": {
      "inputs": {
        "nixpkgs": [
          "nixpkgs"
        ]
      },
      "locked": {
        "lastModified": 1751429452,
        "narHash": "sha256-4s5vRtaqdNhVBnbOWOzBNKrRa0ShQTLoEPjJp3joeNI=",
        "owner": "nix-community",
        "repo": "home-manager",
        "rev": "df12269039dcf752600b1bcc176bacf2786ec384",
        "type": "github"
      },
      "original": {
        "owner": "nix-community",
        "repo": "home-manager",
        "type": "github"
      }
    },
    "hyprcursor": {
      "inputs": {
        "hyprlang": [
          "hyprland",
          "hyprlang"
        ],
        "nixpkgs": [
          "hyprland",
          "nixpkgs"
        ],
        "systems": [
          "hyprland",
          "systems"
        ]
      },
      "locked": {
        "lastModified": 1749155331,
        "narHash": "sha256-XR9fsI0zwLiFWfqi/pdS/VD+YNorKb3XIykgTg4l1nA=",
        "owner": "hyprwm",
        "repo": "hyprcursor",
        "rev": "45fcc10b4c282746d93ec406a740c43b48b4ef80",
        "type": "github"
      },
      "original": {
        "owner": "hyprwm",
        "repo": "hyprcursor",
        "type": "github"
      }
    },
    "hyprgraphics": {
      "inputs": {
        "hyprutils": [
          "hyprland",
          "hyprutils"
        ],
        "nixpkgs": [
          "hyprland",
          "nixpkgs"
        ],
        "systems": [
          "hyprland",
          "systems"
        ]
      },
      "locked": {
        "lastModified": 1750621377,
        "narHash": "sha256-8u6b5oAdX0rCuoR8wFenajBRmI+mzbpNig6hSCuWUzE=",
        "owner": "hyprwm",
        "repo": "hyprgraphics",
        "rev": "b3d628d01693fb9bb0a6690cd4e7b80abda04310",
        "type": "github"
      },
      "original": {
        "owner": "hyprwm",
        "repo": "hyprgraphics",
        "type": "github"
      }
    },
    "hyprland": {
      "inputs": {
        "aquamarine": "aquamarine",
        "hyprcursor": "hyprcursor",
        "hyprgraphics": "hyprgraphics",
        "hyprland-protocols": "hyprland-protocols",
        "hyprland-qtutils": "hyprland-qtutils",
        "hyprlang": "hyprlang",
        "hyprutils": "hyprutils",
        "hyprwayland-scanner": "hyprwayland-scanner",
        "nixpkgs": "nixpkgs_2",
        "pre-commit-hooks": "pre-commit-hooks",
        "systems": "systems_2",
        "xdph": "xdph"
      },
      "locked": {
        "lastModified": 1751404714,
        "narHash": "sha256-VcaGnoW8p7PrtSCHBMJbiuSQoYGq6tTx5VhvDAdojgc=",
        "owner": "hyprwm",
        "repo": "Hyprland",
        "rev": "90c8609cbb5ae7b488d7b14b4dfb3ec9585ed2b7",
        "type": "github"
      },
      "original": {
        "owner": "hyprwm",
        "repo": "Hyprland",
        "type": "github"
      }
    },
    "hyprland-plugins": {
      "inputs": {
        "hyprland": [
          "hyprland"
        ],
        "nixpkgs": [
          "hyprland-plugins",
          "hyprland",
          "nixpkgs"
        ],
        "systems": [
          "hyprland-plugins",
          "hyprland",
          "systems"
        ]
      },
      "locked": {
        "lastModified": 1751362245,
        "narHash": "sha256-qe1rYhjbDDeLIlHfAs9rTYae2qVa0DKWmYEfjAteEAA=",
        "owner": "hyprwm",
        "repo": "hyprland-plugins",
        "rev": "9ec8d2d073b3a187260216557d40fa482430d02d",
        "type": "github"
      },
      "original": {
        "owner": "hyprwm",
        "repo": "hyprland-plugins",
        "type": "github"
      }
    },
    "hyprland-protocols": {
      "inputs": {
        "nixpkgs": [
          "hyprland",
          "nixpkgs"
        ],
        "systems": [
          "hyprland",
          "systems"
        ]
      },
      "locked": {
        "lastModified": 1749046714,
        "narHash": "sha256-kymV5FMnddYGI+UjwIw8ceDjdeg7ToDVjbHCvUlhn14=",
        "owner": "hyprwm",
        "repo": "hyprland-protocols",
        "rev": "613878cb6f459c5e323aaafe1e6f388ac8a36330",
        "type": "github"
      },
      "original": {
        "owner": "hyprwm",
        "repo": "hyprland-protocols",
        "type": "github"
      }
    },
    "hyprland-qt-support": {
      "inputs": {
        "hyprlang": [
          "hyprland",
          "hyprland-qtutils",
          "hyprlang"
        ],
        "nixpkgs": [
          "hyprland",
          "hyprland-qtutils",
          "nixpkgs"
        ],
        "systems": [
          "hyprland",
          "hyprland-qtutils",
          "systems"
        ]
      },
      "locked": {
        "lastModified": 1749154592,
        "narHash": "sha256-DO7z5CeT/ddSGDEnK9mAXm1qlGL47L3VAHLlLXoCjhE=",
        "owner": "hyprwm",
        "repo": "hyprland-qt-support",
        "rev": "4c8053c3c888138a30c3a6c45c2e45f5484f2074",
        "type": "github"
      },
      "original": {
        "owner": "hyprwm",
        "repo": "hyprland-qt-support",
        "type": "github"
      }
    },
    "hyprland-qtutils": {
      "inputs": {
        "hyprland-qt-support": "hyprland-qt-support",
        "hyprlang": [
          "hyprland",
          "hyprlang"
        ],
        "hyprutils": [
          "hyprland",
          "hyprland-qtutils",
          "hyprlang",
          "hyprutils"
        ],
        "nixpkgs": [
          "hyprland",
          "nixpkgs"
        ],
        "systems": [
          "hyprland",
          "systems"
        ]
      },
      "locked": {
        "lastModified": 1750371812,
        "narHash": "sha256-D868K1dVEACw17elVxRgXC6hOxY+54wIEjURztDWLk8=",
        "owner": "hyprwm",
        "repo": "hyprland-qtutils",
        "rev": "b13c7481e37856f322177010bdf75fccacd1adc8",
        "type": "github"
      },
      "original": {
        "owner": "hyprwm",
        "repo": "hyprland-qtutils",
        "type": "github"
      }
    },
    "hyprlang": {
      "inputs": {
        "hyprutils": [
          "hyprland",
          "hyprutils"
        ],
        "nixpkgs": [
          "hyprland",
          "nixpkgs"
        ],
        "systems": [
          "hyprland",
          "systems"
        ]
      },
      "locked": {
        "lastModified": 1750371198,
        "narHash": "sha256-/iuJ1paQOBoSLqHflRNNGyroqfF/yvPNurxzcCT0cAE=",
        "owner": "hyprwm",
        "repo": "hyprlang",
        "rev": "cee01452bca58d6cadb3224e21e370de8bc20f0b",
        "type": "github"
      },
      "original": {
        "owner": "hyprwm",
        "repo": "hyprlang",
        "type": "github"
      }
    },
    "hyprlang_2": {
      "inputs": {
        "nixpkgs": [
          "rose-pine-hyprcursor",
          "nixpkgs"
        ],
        "systems": "systems_5"
      },
      "locked": {
        "lastModified": 1709914708,
        "narHash": "sha256-bR4o3mynoTa1Wi4ZTjbnsZ6iqVcPGriXp56bZh5UFTk=",
        "owner": "hyprwm",
        "repo": "hyprlang",
        "rev": "a685493fdbeec01ca8ccdf1f3655c044a8ce2fe2",
        "type": "github"
      },
      "original": {
        "owner": "hyprwm",
        "repo": "hyprlang",
        "type": "github"
      }
    },
    "hyprutils": {
      "inputs": {
        "nixpkgs": [
          "hyprland",
          "nixpkgs"
        ],
        "systems": [
          "hyprland",
          "systems"
        ]
      },
      "locked": {
        "lastModified": 1751061882,
        "narHash": "sha256-g9n8Vrbx+2JYM170P9BbvGHN39Wlkr4U+V2WLHQsXL8=",
        "owner": "hyprwm",
        "repo": "hyprutils",
        "rev": "4737241eaf8a1e51671a2a088518071f9a265cf4",
        "type": "github"
      },
      "original": {
        "owner": "hyprwm",
        "repo": "hyprutils",
        "type": "github"
      }
    },
    "hyprwayland-scanner": {
      "inputs": {
        "nixpkgs": [
          "hyprland",
          "nixpkgs"
        ],
        "systems": [
          "hyprland",
          "systems"
        ]
      },
      "locked": {
        "lastModified": 1750371869,
        "narHash": "sha256-lGk4gLjgZQ/rndUkzmPYcgbHr8gKU5u71vyrjnwfpB4=",
        "owner": "hyprwm",
        "repo": "hyprwayland-scanner",
        "rev": "aa38edd6e3e277ae6a97ea83a69261a5c3aab9fd",
        "type": "github"
      },
      "original": {
        "owner": "hyprwm",
        "repo": "hyprwayland-scanner",
        "type": "github"
      }
    },
    "incl": {
      "inputs": {
        "nixlib": [
          "nixos-extra-modules",
          "nixt",
          "std",
          "nixpkgs"
        ]
      },
      "locked": {
        "lastModified": 1669263024,
        "narHash": "sha256-E/+23NKtxAqYG/0ydYgxlgarKnxmDbg6rCMWnOBqn9Q=",
        "owner": "divnix",
        "repo": "incl",
        "rev": "ce7bebaee048e4cd7ebdb4cee7885e00c4e2abca",
        "type": "github"
      },
      "original": {
        "owner": "divnix",
        "repo": "incl",
        "type": "github"
      }
    },
    "ixx": {
      "inputs": {
        "flake-utils": [
          "nixvim",
          "nuschtosSearch",
          "flake-utils"
        ],
        "nixpkgs": [
          "nixvim",
          "nuschtosSearch",
          "nixpkgs"
        ]
      },
      "locked": {
        "lastModified": 1748294338,
        "narHash": "sha256-FVO01jdmUNArzBS7NmaktLdGA5qA3lUMJ4B7a05Iynw=",
        "owner": "NuschtOS",
        "repo": "ixx",
        "rev": "cc5f390f7caf265461d4aab37e98d2292ebbdb85",
        "type": "github"
      },
      "original": {
        "owner": "NuschtOS",
        "ref": "v0.0.8",
        "repo": "ixx",
        "type": "github"
      }
    },
    "n2c": {
      "inputs": {
        "flake-utils": [
          "nixos-extra-modules",
          "nixt",
          "std",
          "flake-utils"
        ],
        "nixpkgs": [
          "nixos-extra-modules",
          "nixt",
          "std",
          "nixpkgs"
        ]
      },
      "locked": {
        "lastModified": 1677330646,
        "narHash": "sha256-hUYCwJneMjnxTvj30Fjow6UMJUITqHlpUGpXMPXUJsU=",
        "owner": "nlewo",
        "repo": "nix2container",
        "rev": "ebca8f58d450cae1a19c07701a5a8ae40afc9efc",
        "type": "github"
      },
      "original": {
        "owner": "nlewo",
        "repo": "nix2container",
        "type": "github"
      }
    },
    "naersk": {
      "inputs": {
        "nixpkgs": "nixpkgs_3"
      },
      "locked": {
        "lastModified": 1745925850,
        "narHash": "sha256-cyAAMal0aPrlb1NgzMxZqeN1mAJ2pJseDhm2m6Um8T0=",
        "owner": "nix-community",
        "repo": "naersk",
        "rev": "38bc60bbc157ae266d4a0c96671c6c742ee17a5f",
        "type": "github"
      },
      "original": {
        "owner": "nix-community",
        "repo": "naersk",
        "type": "github"
      }
    },
    "namaka": {
      "inputs": {
        "haumea": [
          "nixos-extra-modules",
          "nixt",
          "std",
          "dmerge",
          "haumea"
        ],
        "nixpkgs": [
          "nixos-extra-modules",
          "nixt",
          "std",
          "dmerge",
          "nixlib"
        ]
      },
      "locked": {
        "lastModified": 1683059428,
        "narHash": "sha256-ZTMqleCWmuNWhZE375gtF1j1JRkaKEUFN1AM43e7h4Y=",
        "owner": "nix-community",
        "repo": "namaka",
        "rev": "2deba2f416454aec770bc1cc7365e39c73e6b1d7",
        "type": "github"
      },
      "original": {
        "owner": "nix-community",
        "ref": "v0.1.1",
        "repo": "namaka",
        "type": "github"
      }
    },
    "nix-index-database": {
      "inputs": {
        "nixpkgs": [
          "nixpkgs"
        ]
      },
      "locked": {
        "lastModified": 1751170039,
        "narHash": "sha256-3EKpUmyGmHYA/RuhZjINTZPU+OFWko0eDwazUOW64nw=",
        "owner": "Mic92",
        "repo": "nix-index-database",
        "rev": "9c932ae632d6b5150515e5749b198c175d8565db",
        "type": "github"
      },
      "original": {
        "owner": "Mic92",
        "repo": "nix-index-database",
        "type": "github"
      }
    },
    "nixago": {
      "inputs": {
        "flake-utils": [
          "nixos-extra-modules",
          "nixt",
          "std",
          "flake-utils"
        ],
        "nixago-exts": [
          "nixos-extra-modules",
          "nixt",
          "std",
          "blank"
        ],
        "nixpkgs": [
          "nixos-extra-modules",
          "nixt",
          "std",
          "nixpkgs"
        ]
      },
      "locked": {
        "lastModified": 1683210100,
        "narHash": "sha256-bhGDOlkWtlhVECpoOog4fWiFJmLCpVEg09a40aTjCbw=",
        "owner": "nix-community",
        "repo": "nixago",
        "rev": "1da60ad9412135f9ed7a004669fdcf3d378ec630",
        "type": "github"
      },
      "original": {
        "owner": "nix-community",
        "repo": "nixago",
        "type": "github"
      }
    },
    "nixos-extra-modules": {
      "inputs": {
        "devshell": "devshell",
        "flake-parts": "flake-parts",
        "nixpkgs": [
          "nixpkgs"
        ],
        "nixt": "nixt",
        "pre-commit-hooks": "pre-commit-hooks_2"
      },
      "locked": {
        "lastModified": 1745053097,
        "narHash": "sha256-BEW57utyWCqP4U+MzCXFqbvEC8LE3iZv5dsPMrmTJ9Q=",
        "owner": "oddlama",
        "repo": "nixos-extra-modules",
        "rev": "7565d8554b0fc9d621851150e7939d34a3a8cd6c",
        "type": "github"
      },
      "original": {
        "owner": "oddlama",
        "repo": "nixos-extra-modules",
        "type": "github"
      }
    },
    "nixos-hardware": {
      "locked": {
        "lastModified": 1751432711,
        "narHash": "sha256-136MeWtckSHTN9Z2WRNRdZ8oRP3vyx3L8UxeBYE+J9w=",
        "owner": "NixOS",
        "repo": "nixos-hardware",
        "rev": "497ae1357f1ac97f1aea31a4cb74ad0d534ef41f",
        "type": "github"
      },
      "original": {
        "owner": "NixOS",
        "repo": "nixos-hardware",
        "type": "github"
      }
    },
    "nixpkgs": {
      "locked": {
        "lastModified": 1748026106,
        "narHash": "sha256-6m1Y3/4pVw1RWTsrkAK2VMYSzG4MMIj7sqUy7o8th1o=",
        "owner": "NixOS",
        "repo": "nixpkgs",
        "rev": "063f43f2dbdef86376cc29ad646c45c46e93234c",
        "type": "github"
      },
      "original": {
        "owner": "NixOS",
        "ref": "nixos-unstable",
        "repo": "nixpkgs",
        "type": "github"
      }
    },
    "nixpkgs-2311": {
      "locked": {
        "lastModified": 1720535198,
        "narHash": "sha256-zwVvxrdIzralnSbcpghA92tWu2DV2lwv89xZc8MTrbg=",
        "owner": "nixos",
        "repo": "nixpkgs",
        "rev": "205fd4226592cc83fd4c0885a3e4c9c400efabb5",
        "type": "github"
      },
      "original": {
        "owner": "nixos",
        "ref": "nixos-23.11",
        "repo": "nixpkgs",
        "type": "github"
      }
    },
    "nixpkgs-lib": {
      "locked": {
        "lastModified": 1738452942,
        "narHash": "sha256-vJzFZGaCpnmo7I6i416HaBLpC+hvcURh/BQwROcGIp8=",
        "type": "tarball",
        "url": "https://github.com/NixOS/nixpkgs/archive/072a6db25e947df2f31aab9eccd0ab75d5b2da11.tar.gz"
      },
      "original": {
        "type": "tarball",
        "url": "https://github.com/NixOS/nixpkgs/archive/072a6db25e947df2f31aab9eccd0ab75d5b2da11.tar.gz"
      }
    },
    "nixpkgs-unstable": {
      "locked": {
        "lastModified": 1751382304,
        "narHash": "sha256-p+UruOjULI5lV16FkBqkzqgFasLqfx0bihLBeFHiZAs=",
        "owner": "nixos",
        "repo": "nixpkgs",
        "rev": "d31a91c9b3bee464d054633d5f8b84e17a637862",
        "type": "github"
      },
      "original": {
        "owner": "nixos",
        "ref": "nixpkgs-unstable",
        "repo": "nixpkgs",
        "type": "github"
      }
    },
    "nixpkgs_2": {
      "locked": {
        "lastModified": 1751011381,
        "narHash": "sha256-krGXKxvkBhnrSC/kGBmg5MyupUUT5R6IBCLEzx9jhMM=",
        "owner": "NixOS",
        "repo": "nixpkgs",
        "rev": "30e2e2857ba47844aa71991daa6ed1fc678bcbb7",
        "type": "github"
      },
      "original": {
        "owner": "NixOS",
        "ref": "nixos-unstable",
        "repo": "nixpkgs",
        "type": "github"
      }
    },
    "nixpkgs_3": {
      "locked": {
        "lastModified": 1751382304,
        "narHash": "sha256-p+UruOjULI5lV16FkBqkzqgFasLqfx0bihLBeFHiZAs=",
        "owner": "NixOS",
        "repo": "nixpkgs",
        "rev": "d31a91c9b3bee464d054633d5f8b84e17a637862",
        "type": "github"
      },
      "original": {
        "owner": "NixOS",
        "ref": "nixpkgs-unstable",
        "repo": "nixpkgs",
        "type": "github"
      }
    },
    "nixpkgs_4": {
      "locked": {
        "lastModified": 1677063315,
        "narHash": "sha256-qiB4ajTeAOVnVSAwCNEEkoybrAlA+cpeiBxLobHndE8=",
        "owner": "nixos",
        "repo": "nixpkgs",
        "rev": "988cc958c57ce4350ec248d2d53087777f9e1949",
        "type": "github"
      },
      "original": {
        "owner": "nixos",
        "ref": "nixos-unstable",
        "repo": "nixpkgs",
        "type": "github"
      }
    },
    "nixpkgs_5": {
      "locked": {
        "lastModified": 1751271578,
        "narHash": "sha256-P/SQmKDu06x8yv7i0s8bvnnuJYkxVGBWLWHaU+tt4YY=",
        "owner": "nixos",
        "repo": "nixpkgs",
        "rev": "3016b4b15d13f3089db8a41ef937b13a9e33a8df",
        "type": "github"
      },
      "original": {
        "owner": "nixos",
        "ref": "nixos-unstable",
        "repo": "nixpkgs",
        "type": "github"
      }
    },
    "nixpkgs_6": {
      "locked": {
        "lastModified": 1750811787,
        "narHash": "sha256-rD/978c35JXz6JLAzciTIOCMenPumF6zrQOj4rVZeHE=",
        "owner": "NixOS",
        "repo": "nixpkgs",
        "rev": "992f916556fcfaa94451ebc7fc6e396134bbf5b1",
        "type": "github"
      },
      "original": {
        "owner": "NixOS",
        "ref": "nixpkgs-unstable",
        "repo": "nixpkgs",
        "type": "github"
      }
    },
    "nixt": {
      "inputs": {
        "flake-compat": "flake-compat_2",
        "nixpkgs": [
          "nixos-extra-modules",
          "nixpkgs"
        ],
        "std": "std",
        "std-data-collection": "std-data-collection"
      },
      "locked": {
        "lastModified": 1729273076,
        "narHash": "sha256-h2Y+5bikSXS8MPYpxyZpd+VX9H5uuCS/csMMxZCoS3c=",
        "owner": "nix-community",
        "repo": "nixt",
        "rev": "ad8863c9f9e5a166d663f2f1f0eef74ab913a883",
        "type": "github"
      },
      "original": {
        "owner": "nix-community",
        "repo": "nixt",
        "type": "github"
      }
    },
    "nixvim": {
      "inputs": {
        "flake-parts": "flake-parts_2",
        "nixpkgs": "nixpkgs_6",
        "nuschtosSearch": "nuschtosSearch",
        "systems": "systems_4"
      },
      "locked": {
        "lastModified": 1751144320,
        "narHash": "sha256-KJsKiGfkfXFB23V26NQ1p+UPsexI6NKtivnrwSlWWdQ=",
        "owner": "nix-community",
        "repo": "nixvim",
        "rev": "ceb52aece5d571b37096945c2815604195a04eb4",
        "type": "github"
      },
      "original": {
        "owner": "nix-community",
        "repo": "nixvim",
        "type": "github"
      }
    },
    "nosys": {
      "locked": {
        "lastModified": 1668010795,
        "narHash": "sha256-JBDVBnos8g0toU7EhIIqQ1If5m/nyBqtHhL3sicdPwI=",
        "owner": "divnix",
        "repo": "nosys",
        "rev": "feade0141487801c71ff55623b421ed535dbdefa",
        "type": "github"
      },
      "original": {
        "owner": "divnix",
        "repo": "nosys",
        "type": "github"
      }
    },
    "nuschtosSearch": {
      "inputs": {
        "flake-utils": "flake-utils_4",
        "ixx": "ixx",
        "nixpkgs": [
          "nixvim",
          "nixpkgs"
        ]
      },
      "locked": {
        "lastModified": 1749730855,
        "narHash": "sha256-L3x2nSlFkXkM6tQPLJP3oCBMIsRifhIDPMQQdHO5xWo=",
        "owner": "NuschtOS",
        "repo": "search",
        "rev": "8dfe5879dd009ff4742b668d9c699bc4b9761742",
        "type": "github"
      },
      "original": {
        "owner": "NuschtOS",
        "repo": "search",
        "type": "github"
      }
    },
    "paisano": {
      "inputs": {
        "nixpkgs": [
          "nixos-extra-modules",
          "nixt",
          "std",
          "nixpkgs"
        ],
        "nosys": "nosys",
        "yants": [
          "nixos-extra-modules",
          "nixt",
          "std",
          "yants"
        ]
      },
      "locked": {
        "lastModified": 1678949904,
        "narHash": "sha256-oAoF66hYYz1RPh3lEwb9/4e4iyBAfTbQKZRRQ8gP0Ds=",
        "owner": "paisano-nix",
        "repo": "core",
        "rev": "88f2aff10a5064551d1d4cb86800d17084489ce3",
        "type": "github"
      },
      "original": {
        "owner": "paisano-nix",
        "repo": "core",
        "type": "github"
      }
    },
    "paisano-actions": {
      "inputs": {
        "nixpkgs": [
          "nixos-extra-modules",
          "nixt",
          "std",
          "paisano-mdbook-preprocessor",
          "nixpkgs"
        ]
      },
      "locked": {
        "lastModified": 1677306424,
        "narHash": "sha256-H9/dI2rGEbKo4KEisqbRPHFG2ajF8Tm111NPdKGIf28=",
        "owner": "paisano-nix",
        "repo": "actions",
        "rev": "65ec4e080b3480167fc1a748c89a05901eea9a9b",
        "type": "github"
      },
      "original": {
        "owner": "paisano-nix",
        "repo": "actions",
        "type": "github"
      }
    },
    "paisano-mdbook-preprocessor": {
      "inputs": {
        "crane": "crane_2",
        "fenix": "fenix",
        "nixpkgs": [
          "nixos-extra-modules",
          "nixt",
          "std",
          "nixpkgs"
        ],
        "paisano-actions": "paisano-actions",
        "std": [
          "nixos-extra-modules",
          "nixt",
          "std"
        ]
      },
      "locked": {
        "lastModified": 1680654400,
        "narHash": "sha256-Qdpio+ldhUK3zfl22Mhf8HUULdUOJXDWDdO7MIK69OU=",
        "owner": "paisano-nix",
        "repo": "mdbook-paisano-preprocessor",
        "rev": "11a8fc47f574f194a7ae7b8b98001f6143ba4cf1",
        "type": "github"
      },
      "original": {
        "owner": "paisano-nix",
        "repo": "mdbook-paisano-preprocessor",
        "type": "github"
      }
    },
    "paisano-tui": {
      "inputs": {
        "nixpkgs": [
          "nixos-extra-modules",
          "nixt",
          "std",
          "blank"
        ],
        "std": [
          "nixos-extra-modules",
          "nixt",
          "std"
        ]
      },
      "locked": {
        "lastModified": 1681847764,
        "narHash": "sha256-mdd7PJW1BZvxy0cIKsPfAO+ohVl/V7heE5ZTAHzTdv8=",
        "owner": "paisano-nix",
        "repo": "tui",
        "rev": "3096bad91cae73ab8ab3367d31f8a143d248a244",
        "type": "github"
      },
      "original": {
        "owner": "paisano-nix",
        "ref": "0.1.1",
        "repo": "tui",
        "type": "github"
      }
    },
    "pre-commit-hooks": {
      "inputs": {
        "flake-compat": "flake-compat",
        "gitignore": "gitignore",
        "nixpkgs": [
          "hyprland",
          "nixpkgs"
        ]
      },
      "locked": {
        "lastModified": 1750779888,
        "narHash": "sha256-wibppH3g/E2lxU43ZQHC5yA/7kIKLGxVEnsnVK1BtRg=",
        "owner": "cachix",
        "repo": "git-hooks.nix",
        "rev": "16ec914f6fb6f599ce988427d9d94efddf25fe6d",
        "type": "github"
      },
      "original": {
        "owner": "cachix",
        "repo": "git-hooks.nix",
        "type": "github"
      }
    },
    "pre-commit-hooks_2": {
      "inputs": {
        "flake-compat": "flake-compat_4",
        "gitignore": "gitignore_2",
        "nixpkgs": [
          "nixos-extra-modules",
          "nixpkgs"
        ]
      },
      "locked": {
        "lastModified": 1737465171,
        "narHash": "sha256-R10v2hoJRLq8jcL4syVFag7nIGE7m13qO48wRIukWNg=",
        "owner": "cachix",
        "repo": "pre-commit-hooks.nix",
        "rev": "9364dc02281ce2d37a1f55b6e51f7c0f65a75f17",
        "type": "github"
      },
      "original": {
        "owner": "cachix",
        "repo": "pre-commit-hooks.nix",
        "type": "github"
      }
    },
    "project-chooser-src": {
      "flake": false,
      "locked": {
        "lastModified": 1745304956,
        "narHash": "sha256-9OdwUYi5egxMSA/1rR/LRCdQ04k6IrNP+FlkuIBz20I=",
        "owner": "clotodex",
        "repo": "project-chooser",
        "rev": "08b7234a888aa5730cb76394f3d0d79689e7d288",
        "type": "github"
      },
      "original": {
        "owner": "clotodex",
        "repo": "project-chooser",
        "type": "github"
      }
    },
    "root": {
      "inputs": {
        "ashell": "ashell",
        "earbuds-src": "earbuds-src",
        "figma-agent-src": "figma-agent-src",
        "home-manager": "home-manager",
        "hyprland": "hyprland",
        "hyprland-plugins": "hyprland-plugins",
        "naersk": "naersk",
        "nix-index-database": "nix-index-database",
        "nixos-extra-modules": "nixos-extra-modules",
        "nixos-hardware": "nixos-hardware",
        "nixpkgs": "nixpkgs_5",
        "nixpkgs-2311": "nixpkgs-2311",
        "nixpkgs-unstable": "nixpkgs-unstable",
        "nixvim": "nixvim",
        "project-chooser-src": "project-chooser-src",
        "rose-pine-hyprcursor": "rose-pine-hyprcursor",
        "waybar-custom-modules-src": "waybar-custom-modules-src"
      }
    },
    "rose-pine-hyprcursor": {
      "inputs": {
        "hyprlang": "hyprlang_2",
        "nixpkgs": [
          "nixpkgs"
        ],
        "utils": "utils"
      },
      "locked": {
        "lastModified": 1748096947,
        "narHash": "sha256-ouuA8LVBXzrbYwPW2vNjh7fC9H2UBud/1tUiIM5vPvM=",
        "owner": "ndom91",
        "repo": "rose-pine-hyprcursor",
        "rev": "4b02963d0baf0bee18725cf7c5762b3b3c1392f1",
        "type": "github"
      },
      "original": {
        "owner": "ndom91",
        "repo": "rose-pine-hyprcursor",
        "type": "github"
      }
    },
    "rust-analyzer-src": {
      "flake": false,
      "locked": {
        "lastModified": 1677221702,
        "narHash": "sha256-1M+58rC4eTCWNmmX0hQVZP20t3tfYNunl9D/PrGUyGE=",
        "owner": "rust-lang",
        "repo": "rust-analyzer",
        "rev": "f5401f620699b26ed9d47a1d2e838143a18dbe3b",
        "type": "github"
      },
      "original": {
        "owner": "rust-lang",
        "ref": "nightly",
        "repo": "rust-analyzer",
        "type": "github"
      }
    },
    "rust-overlay": {
      "inputs": {
        "nixpkgs": [
          "ashell",
          "nixpkgs"
        ]
      },
      "locked": {
        "lastModified": 1748140821,
        "narHash": "sha256-GZcjWLQtDifSYMd1ueLDmuVTcQQdD5mONIBTqABooOk=",
        "owner": "oxalica",
        "repo": "rust-overlay",
        "rev": "476b2ba7dc99ddbf70b1f45357dbbdbdbdfb4422",
        "type": "github"
      },
      "original": {
        "owner": "oxalica",
        "repo": "rust-overlay",
        "type": "github"
      }
    },
    "rust-overlay_2": {
      "inputs": {
        "flake-utils": [
          "nixos-extra-modules",
          "nixt",
          "std",
          "paisano-mdbook-preprocessor",
          "crane",
          "flake-utils"
        ],
        "nixpkgs": [
          "nixos-extra-modules",
          "nixt",
          "std",
          "paisano-mdbook-preprocessor",
          "crane",
          "nixpkgs"
        ]
      },
      "locked": {
        "lastModified": 1675391458,
        "narHash": "sha256-ukDKZw922BnK5ohL9LhwtaDAdCsJL7L6ScNEyF1lO9w=",
        "owner": "oxalica",
        "repo": "rust-overlay",
        "rev": "383a4acfd11d778d5c2efcf28376cbd845eeaedf",
        "type": "github"
      },
      "original": {
        "owner": "oxalica",
        "repo": "rust-overlay",
        "type": "github"
      }
    },
    "std": {
      "inputs": {
        "arion": [
          "nixos-extra-modules",
          "nixt",
          "std",
          "blank"
        ],
        "blank": "blank",
        "devshell": "devshell_2",
        "dmerge": "dmerge",
        "flake-utils": "flake-utils_2",
        "incl": "incl",
        "makes": [
          "nixos-extra-modules",
          "nixt",
          "std",
          "blank"
        ],
        "microvm": [
          "nixos-extra-modules",
          "nixt",
          "std",
          "blank"
        ],
        "n2c": "n2c",
        "nixago": "nixago",
        "nixpkgs": [
          "nixos-extra-modules",
          "nixt",
          "nixpkgs"
        ],
        "paisano": "paisano",
        "paisano-mdbook-preprocessor": "paisano-mdbook-preprocessor",
        "paisano-tui": "paisano-tui",
        "yants": "yants"
      },
      "locked": {
        "lastModified": 1684180498,
        "narHash": "sha256-kA58ms4yunOVPhe3r7V0IIKeWUV+vl4r2GTcfFfYW5o=",
        "owner": "divnix",
        "repo": "std",
        "rev": "45b431ae09df98e046bcc8271aa209bdfc87444d",
        "type": "github"
      },
      "original": {
        "owner": "divnix",
        "repo": "std",
        "type": "github"
      }
    },
    "std-data-collection": {
      "inputs": {
        "nixpkgs": [
          "nixos-extra-modules",
          "nixt",
          "nixpkgs"
        ],
        "std": [
          "nixos-extra-modules",
          "nixt",
          "std"
        ]
      },
      "locked": {
        "lastModified": 1676163535,
        "narHash": "sha256-xofkWLBqU4zj5vzJhWor2Z9CyPGKt7UGkTchsCT48Po=",
        "owner": "divnix",
        "repo": "std-data-collection",
        "rev": "f713d81a6197e1b0854fb201cc7acde5ef9e93d4",
        "type": "github"
      },
      "original": {
        "owner": "divnix",
        "repo": "std-data-collection",
        "type": "github"
      }
    },
    "systems": {
      "locked": {
        "lastModified": 1681028828,
        "narHash": "sha256-Vy1rq5AaRuLzOxct8nz4T6wlgyUR7zLU309k9mBC768=",
        "owner": "nix-systems",
        "repo": "default",
        "rev": "da67096a3b9bf56a91d16901293e51ba5b49a27e",
        "type": "github"
      },
      "original": {
        "owner": "nix-systems",
        "repo": "default",
        "type": "github"
      }
    },
    "systems_2": {
      "locked": {
        "lastModified": 1689347949,
        "narHash": "sha256-12tWmuL2zgBgZkdoB6qXZsgJEH9LR3oUgpaQq2RbI80=",
        "owner": "nix-systems",
        "repo": "default-linux",
        "rev": "31732fcf5e8fea42e59c2488ad31a0e651500f68",
        "type": "github"
      },
      "original": {
        "owner": "nix-systems",
        "repo": "default-linux",
        "type": "github"
      }
    },
    "systems_3": {
      "locked": {
        "lastModified": 1681028828,
        "narHash": "sha256-Vy1rq5AaRuLzOxct8nz4T6wlgyUR7zLU309k9mBC768=",
        "owner": "nix-systems",
        "repo": "default",
        "rev": "da67096a3b9bf56a91d16901293e51ba5b49a27e",
        "type": "github"
      },
      "original": {
        "owner": "nix-systems",
        "repo": "default",
        "type": "github"
      }
    },
    "systems_4": {
      "locked": {
        "lastModified": 1681028828,
        "narHash": "sha256-Vy1rq5AaRuLzOxct8nz4T6wlgyUR7zLU309k9mBC768=",
        "owner": "nix-systems",
        "repo": "default",
        "rev": "da67096a3b9bf56a91d16901293e51ba5b49a27e",
        "type": "github"
      },
      "original": {
        "owner": "nix-systems",
        "repo": "default",
        "type": "github"
      }
    },
    "systems_5": {
      "locked": {
        "lastModified": 1689347949,
        "narHash": "sha256-12tWmuL2zgBgZkdoB6qXZsgJEH9LR3oUgpaQq2RbI80=",
        "owner": "nix-systems",
        "repo": "default-linux",
        "rev": "31732fcf5e8fea42e59c2488ad31a0e651500f68",
        "type": "github"
      },
      "original": {
        "owner": "nix-systems",
        "repo": "default-linux",
        "type": "github"
      }
    },
    "systems_6": {
      "locked": {
        "lastModified": 1681028828,
        "narHash": "sha256-Vy1rq5AaRuLzOxct8nz4T6wlgyUR7zLU309k9mBC768=",
        "owner": "nix-systems",
        "repo": "default",
        "rev": "da67096a3b9bf56a91d16901293e51ba5b49a27e",
        "type": "github"
      },
      "original": {
        "owner": "nix-systems",
        "repo": "default",
        "type": "github"
      }
    },
    "utils": {
      "inputs": {
        "systems": "systems_6"
      },
      "locked": {
        "lastModified": 1710146030,
        "narHash": "sha256-SZ5L6eA7HJ/nmkzGG7/ISclqe6oZdOZTNoesiInkXPQ=",
        "owner": "numtide",
        "repo": "flake-utils",
        "rev": "b1d9ab70662946ef0850d488da1c9019f3a9752a",
        "type": "github"
      },
      "original": {
        "owner": "numtide",
        "repo": "flake-utils",
        "type": "github"
      }
    },
    "waybar-custom-modules-src": {
      "flake": false,
      "locked": {
        "lastModified": 1628049429,
        "narHash": "sha256-1hNJXUwK6PmgwphsIJZ3fKa6W3LgRpwB5k+xCI7/48A=",
        "owner": "LawnGnome",
        "repo": "waybar-custom-modules",
        "rev": "5e7713180e52285e3db169ba7d448ab61215ac41",
        "type": "github"
      },
      "original": {
        "owner": "LawnGnome",
        "repo": "waybar-custom-modules",
        "rev": "5e7713180e52285e3db169ba7d448ab61215ac41",
        "type": "github"
      }
    },
    "xdph": {
      "inputs": {
        "hyprland-protocols": [
          "hyprland",
          "hyprland-protocols"
        ],
        "hyprlang": [
          "hyprland",
          "hyprlang"
        ],
        "hyprutils": [
          "hyprland",
          "hyprutils"
        ],
        "hyprwayland-scanner": [
          "hyprland",
          "hyprwayland-scanner"
        ],
        "nixpkgs": [
          "hyprland",
          "nixpkgs"
        ],
        "systems": [
          "hyprland",
          "systems"
        ]
      },
      "locked": {
        "lastModified": 1750372504,
        "narHash": "sha256-VBeZb1oqZM1cqCAZnFz/WyYhO8aF/ImagI7WWg/Z3Og=",
        "owner": "hyprwm",
        "repo": "xdg-desktop-portal-hyprland",
        "rev": "400308fc4f9d12e0a93e483c2e7a649e12af1a92",
        "type": "github"
      },
      "original": {
        "owner": "hyprwm",
        "repo": "xdg-desktop-portal-hyprland",
        "type": "github"
      }
    },
    "yants": {
      "inputs": {
        "nixpkgs": [
          "nixos-extra-modules",
          "nixt",
          "std",
          "nixpkgs"
        ]
      },
      "locked": {
        "lastModified": 1667096281,
        "narHash": "sha256-wRRec6ze0gJHmGn6m57/zhz/Kdvp9HS4Nl5fkQ+uIuA=",
        "owner": "divnix",
        "repo": "yants",
        "rev": "d18f356ec25cb94dc9c275870c3a7927a10f8c3c",
        "type": "github"
      },
      "original": {
        "owner": "divnix",
        "repo": "yants",
        "type": "github"
      }
    }
  },
  "root": "root",
  "version": 7
}
